
Microsoft Visual Studio Solution File, Format Version 12.00
# Visual Studio Version 16
VisualStudioVersion = 16.0.29025.244
MinimumVisualStudioVersion = 10.0.40219.1
Project("{FAE04EC0-301F-11D3-BF4B-00C04F79EFBC}") = "D.ebug", "D.ebug\D.ebug.csproj", "{30F57C40-60E5-4993-85E7-5723E5B0A002}"
EndProject
Global
	GlobalSection(SolutionConfigurationPlatforms) = preSolution
		Debug|Any CPU = Debug|Any CPU
		Release|Any CPU = Release|Any CPU
	EndGlobalSection
	GlobalSection(ProjectConfigurationPlatforms) = postSolution
		{30F57C40-60E5-4993-85E7-5723E5B0A002}.Debug|Any CPU.ActiveCfg = Debug|Any CPU
		{30F57C40-60E5-4993-85E7-5723E5B0A002}.Debug|Any CPU.Build.0 = Debug|Any CPU
		{30F57C40-60E5-4993-85E7-5723E5B0A002}.Release|Any CPU.ActiveCfg = Release|Any CPU
		{30F57C40-60E5-4993-85E7-5723E5B0A002}.Release|Any CPU.Build.0 = Release|Any CPU
	EndGlobalSection
	GlobalSection(SolutionProperties) = preSolution
		HideSolutionNode = FALSE
	EndGlobalSection
	GlobalSection(ExtensibilityGlobals) = postSolution
		SolutionGuid = {34C0C148-8EC2-4265-9273-3A9248C54DD9}
	EndGlobalSection
EndGlobal
